
Microsoft Visual Studio Solution File, Format Version 12.00
# Visual Studio Version 16
VisualStudioVersion = 25.0.1706.8
MinimumVisualStudioVersion = 10.0.40219.1
Project("{FAE04EC0-301F-11D3-BF4B-00C04F79EFBC}") = "recipetracker", "recipetracker\recipetracker.csproj", "{DF00EC02-F69A-4EA0-A6F4-D9200FBA02FF}"
EndProject
Global
	GlobalSection(SolutionConfigurationPlatforms) = preSolution
		Debug|Any CPU = Debug|Any CPU
		Release|Any CPU = Release|Any CPU
	EndGlobalSection
	GlobalSection(ProjectConfigurationPlatforms) = postSolution
		{DF00EC02-F69A-4EA0-A6F4-D9200FBA02FF}.Debug|Any CPU.ActiveCfg = Debug|Any CPU
		{DF00EC02-F69A-4EA0-A6F4-D9200FBA02FF}.Debug|Any CPU.Build.0 = Debug|Any CPU
		{DF00EC02-F69A-4EA0-A6F4-D9200FBA02FF}.Release|Any CPU.ActiveCfg = Release|Any CPU
		{DF00EC02-F69A-4EA0-A6F4-D9200FBA02FF}.Release|Any CPU.Build.0 = Release|Any CPU
	EndGlobalSection
	GlobalSection(SolutionProperties) = preSolution
		HideSolutionNode = FALSE
	EndGlobalSection
	GlobalSection(ExtensibilityGlobals) = postSolution
		SolutionGuid = {1202AC67-2D3B-4F15-8A23-C56C1497E9F2}
	EndGlobalSection
EndGlobal
